<?xml version="1.0" encoding="utf-8"?>
<Project ToolsVersion="4.0" xmlns="http://schemas.microsoft.com/developer/msbuild/2003">
  <ItemGroup>
    <Filter Include="Source Files">
      <UniqueIdentifier>{4FC737F1-C7A5-4376-A066-2A32D752A2FF}</UniqueIdentifier>
      <Extensions>cpp;c;cc;cxx;def;odl;idl;hpj;bat;asm;asmx</Extensions>
    </Filter>
    <Filter Include="Header Files">
      <UniqueIdentifier>{93995380-89BD-4b04-88EB-625FBE52EBFB}</UniqueIdentifier>
      <Extensions>h;hh;hpp;hxx;hm;inl;inc;xsd</Extensions>
    </Filter>
    <Filter Include="Resource Files">
      <UniqueIdentifier>{67DA6AB6-F800-4c08-8B7A-83BB121AAD01}</UniqueIdentifier>
      <Extensions>rc;ico;cur;bmp;dlg;rc2;rct;bin;rgs;gif;jpg;jpeg;jpe;resx;tiff;tif;png;wav;mfcribbon-ms</Extensions>
    </Filter>
    <Filter Include="Source Files\shaders">
      <UniqueIdentifier>{a63dbbab-7648-401c-bfa6-5421f47d5001}</UniqueIdentifier>
    </Filter>
    <Filter Include="Resource Files\textures">
      <UniqueIdentifier>{bdbbca3f-47f7-4309-bb82-cc638c85e0b4}</UniqueIdentifier>
    </Filter>
    <Filter Include="Resource Files\bumpmaps">
      <UniqueIdentifier>{98f11d16-5a6b-4d38-b2e1-a07b7b998369}</UniqueIdentifier>
    </Filter>
    <Filter Include="Source Files\shaders\vertex">
      <UniqueIdentifier>{0f8ea5d4-7e3f-41a6-9d76-6ca9daeec4c4}</UniqueIdentifier>
    </Filter>
    <Filter Include="Source Files\shaders\fragment">
      <UniqueIdentifier>{0c15c50d-9864-4dbc-a791-5886c0cad289}</UniqueIdentifier>
    </Filter>
  </ItemGroup>
  <ItemGroup>
    <ClCompile Include="main.cpp">
      <Filter>Source Files</Filter>
    </ClCompile>
    <ClCompile Include="InitShader.cpp">
      <Filter>Source Files</Filter>
    </ClCompile>
    <ClCompile Include="Shader.cpp">
      <Filter>Source Files</Filter>
    </ClCompile>
    <ClCompile Include="FpsTracker.cpp">
      <Filter>Source Files</Filter>
    </ClCompile>
    <ClCompile Include="Game.cpp">
      <Filter>Source Files</Filter>
    </ClCompile>
    <ClCompile Include="Material.cpp">
      <Filter>Source Files</Filter>
    </ClCompile>
    <ClCompile Include="Object.cpp">
      <Filter>Source Files</Filter>
    </ClCompile>
    <ClCompile Include="Util.cpp">
      <Filter>Source Files</Filter>
    </ClCompile>
    <ClCompile Include="Cube.cpp">
      <Filter>Source Files</Filter>
    </ClCompile>
    <ClCompile Include="Geometry.cpp">
      <Filter>Source Files</Filter>
    </ClCompile>
    <ClCompile Include="CRSpline.cpp">
      <Filter>Source Files</Filter>
    </ClCompile>
    <ClCompile Include="LightSource.cpp">
      <Filter>Source Files</Filter>
    </ClCompile>
    <ClCompile Include="Camera.cpp">
      <Filter>Source Files</Filter>
    </ClCompile>
    <ClCompile Include="UpdateGraph.cpp">
      <Filter>Source Files</Filter>
    </ClCompile>
    <ClCompile Include="ModelGraph.cpp">
      <Filter>Source Files</Filter>
    </ClCompile>
    <ClCompile Include="DrawableObject.cpp">
      <Filter>Source Files</Filter>
    </ClCompile>
    <ClCompile Include="RenderGraph.cpp">
      <Filter>Source Files</Filter>
    </ClCompile>
    <ClCompile Include="Texture.cpp">
      <Filter>Source Files</Filter>
    </ClCompile>
    <ClCompile Include="Rectangle.cpp">
      <Filter>Source Files</Filter>
    </ClCompile>
    <ClCompile Include="Sphere.cpp">
      <Filter>Source Files</Filter>
    </ClCompile>
    <ClCompile Include="Skybox.cpp">
      <Filter>Source Files</Filter>
    </ClCompile>
    <ClCompile Include="Shadow.cpp">
      <Filter>Source Files</Filter>
    </ClCompile>
    <ClCompile Include="EnvironmentMap.cpp">
      <Filter>Source Files</Filter>
    </ClCompile>
    <ClCompile Include="VertexMesh.cpp">
      <Filter>Source Files</Filter>
    </ClCompile>
  </ItemGroup>
  <ItemGroup>
    <None Include="shaders\vertex\vshader_cubemap.glsl">
      <Filter>Source Files\shaders\vertex</Filter>
    </None>
    <None Include="shaders\vertex\vshader_depth.glsl">
      <Filter>Source Files\shaders\vertex</Filter>
    </None>
    <None Include="shaders\vertex\vshader_emissive_color.glsl">
      <Filter>Source Files\shaders\vertex</Filter>
    </None>
    <None Include="shaders\vertex\vshader_emissive_cubemap.glsl">
      <Filter>Source Files\shaders\vertex</Filter>
    </None>
    <None Include="shaders\vertex\vshader_emissive_texture.glsl">
      <Filter>Source Files\shaders\vertex</Filter>
    </None>
    <None Include="shaders\vertex\vshader_material.glsl">
      <Filter>Source Files\shaders\vertex</Filter>
    </None>
    <None Include="shaders\vertex\vshader_texture.glsl">
      <Filter>Source Files\shaders\vertex</Filter>
    </None>
    <None Include="shaders\vertex\vshader_texture_bump.glsl">
      <Filter>Source Files\shaders\vertex</Filter>
    </None>
    <None Include="shaders\fragment\fshader_cubemap.glsl">
      <Filter>Source Files\shaders\fragment</Filter>
    </None>
    <None Include="shaders\fragment\fshader_depth.glsl">
      <Filter>Source Files\shaders\fragment</Filter>
    </None>
    <None Include="shaders\fragment\fshader_emissive_color.glsl">
      <Filter>Source Files\shaders\fragment</Filter>
    </None>
    <None Include="shaders\fragment\fshader_emissive_cubemap.glsl">
      <Filter>Source Files\shaders\fragment</Filter>
    </None>
    <None Include="shaders\fragment\fshader_emissive_texture.glsl">
      <Filter>Source Files\shaders\fragment</Filter>
    </None>
    <None Include="shaders\fragment\fshader_material.glsl">
      <Filter>Source Files\shaders\fragment</Filter>
    </None>
    <None Include="shaders\fragment\fshader_texture.glsl">
      <Filter>Source Files\shaders\fragment</Filter>
    </None>
    <None Include="shaders\fragment\fshader_texture_bump.glsl">
      <Filter>Source Files\shaders\fragment</Filter>
    </None>
    <None Include="shaders\vertex\vshader_cubemap_bump.glsl">
      <Filter>Source Files\shaders\vertex</Filter>
    </None>
    <None Include="shaders\fragment\fshader_cubemap_bump.glsl">
      <Filter>Source Files\shaders\fragment</Filter>
    </None>
  </ItemGroup>
  <ItemGroup>
    <ClInclude Include="Bagnall.h">
      <Filter>Header Files</Filter>
    </ClInclude>
    <ClInclude Include="InitShader.h">
      <Filter>Header Files</Filter>
    </ClInclude>
    <ClInclude Include="Shader.h">
      <Filter>Header Files</Filter>
    </ClInclude>
    <ClInclude Include="FpsTracker.h">
      <Filter>Header Files</Filter>
    </ClInclude>
    <ClInclude Include="Game.h">
      <Filter>Header Files</Filter>
    </ClInclude>
    <ClInclude Include="Object.h">
      <Filter>Header Files</Filter>
    </ClInclude>
    <ClInclude Include="Material.h">
      <Filter>Header Files</Filter>
    </ClInclude>
    <ClInclude Include="Util.h">
      <Filter>Header Files</Filter>
    </ClInclude>
    <ClInclude Include="Cube.h">
      <Filter>Header Files</Filter>
    </ClInclude>
    <ClInclude Include="Geometry.h">
      <Filter>Header Files</Filter>
    </ClInclude>
    <ClInclude Include="CRSpline.h">
      <Filter>Header Files</Filter>
    </ClInclude>
    <ClInclude Include="LightSource.h">
      <Filter>Header Files</Filter>
    </ClInclude>
    <ClInclude Include="Camera.h">
      <Filter>Header Files</Filter>
    </ClInclude>
    <ClInclude Include="UpdateGraph.h">
      <Filter>Header Files</Filter>
    </ClInclude>
    <ClInclude Include="ModelGraph.h">
      <Filter>Header Files</Filter>
    </ClInclude>
    <ClInclude Include="DrawableObject.h">
      <Filter>Header Files</Filter>
    </ClInclude>
    <ClInclude Include="RenderGraph.h">
      <Filter>Header Files</Filter>
    </ClInclude>
    <ClInclude Include="Texture.h">
      <Filter>Header Files</Filter>
    </ClInclude>
    <ClInclude Include="Rectangle.h">
      <Filter>Header Files</Filter>
    </ClInclude>
    <ClInclude Include="Sphere.h">
      <Filter>Header Files</Filter>
    </ClInclude>
    <ClInclude Include="Skybox.h">
      <Filter>Header Files</Filter>
    </ClInclude>
    <ClInclude Include="Shadow.h">
      <Filter>Header Files</Filter>
    </ClInclude>
    <ClInclude Include="EnvironmentMap.h">
      <Filter>Header Files</Filter>
    </ClInclude>
    <ClInclude Include="VertexMesh.h">
      <Filter>Header Files</Filter>
    </ClInclude>
  </ItemGroup>
  <ItemGroup>
    <Image Include="textures\Shrek-and-Yoda.jpg">
      <Filter>Resource Files\textures</Filter>
    </Image>
    <Image Include="bumpmaps\Shrek-and-Yoda_NRM.jpg">
      <Filter>Resource Files\bumpmaps</Filter>
    </Image>
    <Image Include="textures\ben.jpg">
      <Filter>Resource Files\textures</Filter>
    </Image>
    <Image Include="bumpmaps\ben_NRM.jpg">
      <Filter>Resource Files\bumpmaps</Filter>
    </Image>
    <Image Include="textures\costanza.jpg">
      <Filter>Resource Files\textures</Filter>
    </Image>
    <Image Include="textures\finalformsquare.jpg">
      <Filter>Resource Files\textures</Filter>
    </Image>
    <Image Include="bumpmaps\costanza_NRM.jpg">
      <Filter>Resource Files\bumpmaps</Filter>
    </Image>
    <Image Include="bumpmaps\dowm furry_NRM.jpg">
      <Filter>Resource Files\bumpmaps</Filter>
    </Image>
    <Image Include="bumpmaps\finalformsquare_NRM.jpg">
      <Filter>Resource Files\bumpmaps</Filter>
    </Image>
    <Image Include="bumpmaps\stone_wall_NRM.jpg">
      <Filter>Resource Files\bumpmaps</Filter>
    </Image>
    <Image Include="textures\dowm furry.jpg">
      <Filter>Resource Files\textures</Filter>
    </Image>
    <Image Include="textures\stone_wall.jpg">
      <Filter>Resource Files\textures</Filter>
    </Image>
    <Image Include="textures\cubemap_test_1.jpg">
      <Filter>Resource Files\textures</Filter>
    </Image>
    <Image Include="bumpmaps\cubemap_test_1_NRM.jpg">
      <Filter>Resource Files\bumpmaps</Filter>
    </Image>
  </ItemGroup>
</Project>